
Microsoft Visual Studio Solution File, Format Version 12.00
# Visual Studio Express 15 for Windows Desktop
VisualStudioVersion = 15.0.33026.149
MinimumVisualStudioVersion = 10.0.40219.1
Project("{FAE04EC0-301F-11D3-BF4B-00C04F79EFBC}") = "fire-rvt", "fire-rvt\fire-rvt.csproj", "{4A7BD1C5-E6BD-4AD0-BA86-B63543DCF532}"
EndProject
Global
	GlobalSection(SolutionConfigurationPlatforms) = preSolution
		Debug|Any CPU = Debug|Any CPU
		Release|Any CPU = Release|Any CPU
	EndGlobalSection
	GlobalSection(ProjectConfigurationPlatforms) = postSolution
		{4A7BD1C5-E6BD-4AD0-BA86-B63543DCF532}.Debug|Any CPU.ActiveCfg = Debug|Any CPU
		{4A7BD1C5-E6BD-4AD0-BA86-B63543DCF532}.Debug|Any CPU.Build.0 = Debug|Any CPU
		{4A7BD1C5-E6BD-4AD0-BA86-B63543DCF532}.Release|Any CPU.ActiveCfg = Release|Any CPU
		{4A7BD1C5-E6BD-4AD0-BA86-B63543DCF532}.Release|Any CPU.Build.0 = Release|Any CPU
	EndGlobalSection
	GlobalSection(SolutionProperties) = preSolution
		HideSolutionNode = FALSE
	EndGlobalSection
	GlobalSection(ExtensibilityGlobals) = postSolution
		SolutionGuid = {D2CB4C06-38B9-4E48-BDD4-90103A748352}
	EndGlobalSection
EndGlobal
